
Microsoft Visual Studio Solution File, Format Version 12.00
# Visual Studio 14
VisualStudioVersion = 14.0.23107.0
MinimumVisualStudioVersion = 10.0.40219.1
Project("{2150E333-8FDC-42A3-9474-1A3956D46DE8}") = "src", "src", "{5C05A3E0-0C57-4454-93C4-12A7A3A951E2}"
EndProject
Project("{2150E333-8FDC-42A3-9474-1A3956D46DE8}") = "test", "test", "{688849A7-C91E-4324-A7CE-4524D2D7CA56}"
EndProject
Project("{8BB2217D-0F2D-49D1-97BC-3654ED321F3B}") = "Minimatch.DNX", "src\Minimatch.DNX\Minimatch.DNX.xproj", "{9BC664DF-8E9D-461B-878A-8973F37DA045}"
EndProject
Project("{8BB2217D-0F2D-49D1-97BC-3654ED321F3B}") = "Minimatch.DNX.Tests", "test\Minimatch.DNX.Tests\Minimatch.DNX.Tests.xproj", "{D9E8AC71-BA4C-437E-ABCB-D530E3A13F2D}"
EndProject
Project("{2150E333-8FDC-42A3-9474-1A3956D46DE8}") = "Solution Items", "Solution Items", "{DC8AD72E-864F-4384-85DD-73EDB73B3BE6}"
	ProjectSection(SolutionItems) = preProject
		global.json = global.json
	EndProjectSection
EndProject
Global
	GlobalSection(SolutionConfigurationPlatforms) = preSolution
		Debug|Any CPU = Debug|Any CPU
		Release|Any CPU = Release|Any CPU
	EndGlobalSection
	GlobalSection(ProjectConfigurationPlatforms) = postSolution
		{9BC664DF-8E9D-461B-878A-8973F37DA045}.Debug|Any CPU.ActiveCfg = Debug|Any CPU
		{9BC664DF-8E9D-461B-878A-8973F37DA045}.Debug|Any CPU.Build.0 = Debug|Any CPU
		{9BC664DF-8E9D-461B-878A-8973F37DA045}.Release|Any CPU.ActiveCfg = Release|Any CPU
		{9BC664DF-8E9D-461B-878A-8973F37DA045}.Release|Any CPU.Build.0 = Release|Any CPU
		{D9E8AC71-BA4C-437E-ABCB-D530E3A13F2D}.Debug|Any CPU.ActiveCfg = Debug|Any CPU
		{D9E8AC71-BA4C-437E-ABCB-D530E3A13F2D}.Debug|Any CPU.Build.0 = Debug|Any CPU
		{D9E8AC71-BA4C-437E-ABCB-D530E3A13F2D}.Release|Any CPU.ActiveCfg = Release|Any CPU
		{D9E8AC71-BA4C-437E-ABCB-D530E3A13F2D}.Release|Any CPU.Build.0 = Release|Any CPU
	EndGlobalSection
	GlobalSection(SolutionProperties) = preSolution
		HideSolutionNode = FALSE
	EndGlobalSection
	GlobalSection(NestedProjects) = preSolution
		{9BC664DF-8E9D-461B-878A-8973F37DA045} = {5C05A3E0-0C57-4454-93C4-12A7A3A951E2}
		{D9E8AC71-BA4C-437E-ABCB-D530E3A13F2D} = {688849A7-C91E-4324-A7CE-4524D2D7CA56}
	EndGlobalSection
EndGlobal
